
Microsoft Visual Studio Solution File, Format Version 12.00
# Visual Studio Version 17
VisualStudioVersion = 17.5.002.0
MinimumVisualStudioVersion = 10.0.40219.1
Project("{9A19103F-16F7-4668-BE54-9A1E7A4F7556}") = "ml.net", "ml.net.csproj", "{34250A00-1477-46EB-8E0C-A3E46CDEAB0E}"
EndProject
Project("{FAE04EC0-301F-11D3-BF4B-00C04F79EFBC}") = "car-maintenance", "car-maintenance\car-maintenance.csproj", "{931FE60D-079F-47CF-A1A8-1C9E5649DA50}"
EndProject
Global
	GlobalSection(SolutionConfigurationPlatforms) = preSolution
		Debug|Any CPU = Debug|Any CPU
		Release|Any CPU = Release|Any CPU
	EndGlobalSection
	GlobalSection(ProjectConfigurationPlatforms) = postSolution
		{34250A00-1477-46EB-8E0C-A3E46CDEAB0E}.Debug|Any CPU.ActiveCfg = Debug|Any CPU
		{34250A00-1477-46EB-8E0C-A3E46CDEAB0E}.Debug|Any CPU.Build.0 = Debug|Any CPU
		{34250A00-1477-46EB-8E0C-A3E46CDEAB0E}.Release|Any CPU.ActiveCfg = Release|Any CPU
		{34250A00-1477-46EB-8E0C-A3E46CDEAB0E}.Release|Any CPU.Build.0 = Release|Any CPU
		{931FE60D-079F-47CF-A1A8-1C9E5649DA50}.Debug|Any CPU.ActiveCfg = Debug|Any CPU
		{931FE60D-079F-47CF-A1A8-1C9E5649DA50}.Debug|Any CPU.Build.0 = Debug|Any CPU
		{931FE60D-079F-47CF-A1A8-1C9E5649DA50}.Release|Any CPU.ActiveCfg = Release|Any CPU
		{931FE60D-079F-47CF-A1A8-1C9E5649DA50}.Release|Any CPU.Build.0 = Release|Any CPU
	EndGlobalSection
	GlobalSection(SolutionProperties) = preSolution
		HideSolutionNode = FALSE
	EndGlobalSection
	GlobalSection(ExtensibilityGlobals) = postSolution
		SolutionGuid = {BCF6519A-B6C1-4CEE-965F-E79767D98332}
	EndGlobalSection
EndGlobal
